
Microsoft Visual Studio Solution File, Format Version 12.00
# Visual Studio Version 17
VisualStudioVersion = 17.6.33723.286
MinimumVisualStudioVersion = 10.0.40219.1
Project("{FAE04EC0-301F-11D3-BF4B-00C04F79EFBC}") = "ConsoleApp01_010", "ConsoleApp01_10\ConsoleApp01_010.csproj", "{ADBE0BC2-C958-4CDF-83E6-9992E9A88E61}"
EndProject
Project("{FAE04EC0-301F-11D3-BF4B-00C04F79EFBC}") = "ClassLibraryUsingTest", "ClassLibraryUsingTest\ClassLibraryUsingTest.csproj", "{5C233DB8-BE98-4A70-99E9-10DC23A53243}"
EndProject
Project("{FAE04EC0-301F-11D3-BF4B-00C04F79EFBC}") = "ConsoleApp1_P011", "ConsoleApp1_P11\ConsoleApp1_P011.csproj", "{668FE3DA-717F-4CBF-A17C-72D7FB959754}"
EndProject
Project("{FAE04EC0-301F-11D3-BF4B-00C04F79EFBC}") = "ConsoleApp1_P019", "ConsoleApp1_P19\ConsoleApp1_P019.csproj", "{A4246666-C76E-441C-A205-91C9B9552812}"
EndProject
Project("{FAE04EC0-301F-11D3-BF4B-00C04F79EFBC}") = "ConsoleApp1_P031", "ConsoleApp1_P31\ConsoleApp1_P031.csproj", "{CB0E6D92-A8CD-4268-8E1C-F724AF83AB95}"
EndProject
Project("{FAE04EC0-301F-11D3-BF4B-00C04F79EFBC}") = "ConsoleApp1_P064", "ConsoleApp1_P64\ConsoleApp1_P064.csproj", "{C43D2C7B-8426-4F26-A04F-C0CC6722950B}"
EndProject
Project("{FAE04EC0-301F-11D3-BF4B-00C04F79EFBC}") = "ConsoleApp1_P090FlyOut", "ConsoleApp1_P90FlyOut\ConsoleApp1_P090FlyOut.csproj", "{2982680E-2423-4FFE-B07C-C4F334A5D21B}"
EndProject
Project("{FAE04EC0-301F-11D3-BF4B-00C04F79EFBC}") = "ConsoleApp1_P098", "ConsoleApp1_P98\ConsoleApp1_P098.csproj", "{8E383AD9-67E5-44B0-80C0-C5DB9FE0B067}"
EndProject
Project("{FAE04EC0-301F-11D3-BF4B-00C04F79EFBC}") = "ConsoleApp1_P108", "ConsoleApp1_P108\ConsoleApp1_P108.csproj", "{678DD684-E805-435D-82F6-D8A53087DD72}"
EndProject
Project("{FAE04EC0-301F-11D3-BF4B-00C04F79EFBC}") = "ConsoleApp1_P109", "ConsoleApp1_P109\ConsoleApp1_P109.csproj", "{321D9DF6-B07F-4A04-B642-F5F7058783B1}"
EndProject
Project("{FAE04EC0-301F-11D3-BF4B-00C04F79EFBC}") = "ConsoleApp1_P115_Inherit", "ConsoleApp1_P115_Inherit\ConsoleApp1_P115_Inherit.csproj", "{4D6F8761-A190-4700-A8CC-2B2D82989F65}"
EndProject
Project("{FAE04EC0-301F-11D3-BF4B-00C04F79EFBC}") = "ConsoleApp1_P120", "ConsoleApp1_P120\ConsoleApp1_P120.csproj", "{6209F449-7E1A-48A2-9E45-793A2F7812E7}"
EndProject
Project("{FAE04EC0-301F-11D3-BF4B-00C04F79EFBC}") = "ConsoleApp1_P126", "ConsoleApp1_P126\ConsoleApp1_P126.csproj", "{BBCB263C-C85D-4C75-825F-5615873BF0C8}"
EndProject
Project("{FAE04EC0-301F-11D3-BF4B-00C04F79EFBC}") = "ConsoleApp1_P142", "ConsoleApp1_P142\ConsoleApp1_P142.csproj", "{44A3F431-DBB5-475D-BFCF-B7EA2A848780}"
EndProject
Project("{FAE04EC0-301F-11D3-BF4B-00C04F79EFBC}") = "ConsoleApp1_P143", "ConsoleApp1_P143\ConsoleApp1_P143.csproj", "{0EC5A5BA-BE4D-443E-9846-196CEE6130F2}"
EndProject
Project("{FAE04EC0-301F-11D3-BF4B-00C04F79EFBC}") = "ConsoleApp1_P147", "ConsoleApp1_P147\ConsoleApp1_P147.csproj", "{F25C7DDB-8E80-4353-833E-13BC66102E72}"
EndProject
Project("{FAE04EC0-301F-11D3-BF4B-00C04F79EFBC}") = "ConsoleApp1_P149", "ConsoleApp1_P149\ConsoleApp1_P149.csproj", "{64CB74B8-3052-41AE-B875-46AFE5B96E5E}"
EndProject
Project("{FAE04EC0-301F-11D3-BF4B-00C04F79EFBC}") = "ConsoleApp1_P156", "ConsoleApp1_P156\ConsoleApp1_P156.csproj", "{6BCC7B79-8A50-4FE3-8354-CA2CAAECD5EB}"
EndProject
Global
	GlobalSection(SolutionConfigurationPlatforms) = preSolution
		Debug|Any CPU = Debug|Any CPU
		Release|Any CPU = Release|Any CPU
	EndGlobalSection
	GlobalSection(ProjectConfigurationPlatforms) = postSolution
		{ADBE0BC2-C958-4CDF-83E6-9992E9A88E61}.Debug|Any CPU.ActiveCfg = Debug|Any CPU
		{ADBE0BC2-C958-4CDF-83E6-9992E9A88E61}.Debug|Any CPU.Build.0 = Debug|Any CPU
		{ADBE0BC2-C958-4CDF-83E6-9992E9A88E61}.Release|Any CPU.ActiveCfg = Release|Any CPU
		{ADBE0BC2-C958-4CDF-83E6-9992E9A88E61}.Release|Any CPU.Build.0 = Release|Any CPU
		{5C233DB8-BE98-4A70-99E9-10DC23A53243}.Debug|Any CPU.ActiveCfg = Debug|Any CPU
		{5C233DB8-BE98-4A70-99E9-10DC23A53243}.Debug|Any CPU.Build.0 = Debug|Any CPU
		{5C233DB8-BE98-4A70-99E9-10DC23A53243}.Release|Any CPU.ActiveCfg = Release|Any CPU
		{5C233DB8-BE98-4A70-99E9-10DC23A53243}.Release|Any CPU.Build.0 = Release|Any CPU
		{668FE3DA-717F-4CBF-A17C-72D7FB959754}.Debug|Any CPU.ActiveCfg = Debug|Any CPU
		{668FE3DA-717F-4CBF-A17C-72D7FB959754}.Debug|Any CPU.Build.0 = Debug|Any CPU
		{668FE3DA-717F-4CBF-A17C-72D7FB959754}.Release|Any CPU.ActiveCfg = Release|Any CPU
		{668FE3DA-717F-4CBF-A17C-72D7FB959754}.Release|Any CPU.Build.0 = Release|Any CPU
		{A4246666-C76E-441C-A205-91C9B9552812}.Debug|Any CPU.ActiveCfg = Debug|Any CPU
		{A4246666-C76E-441C-A205-91C9B9552812}.Debug|Any CPU.Build.0 = Debug|Any CPU
		{A4246666-C76E-441C-A205-91C9B9552812}.Release|Any CPU.ActiveCfg = Release|Any CPU
		{A4246666-C76E-441C-A205-91C9B9552812}.Release|Any CPU.Build.0 = Release|Any CPU
		{CB0E6D92-A8CD-4268-8E1C-F724AF83AB95}.Debug|Any CPU.ActiveCfg = Debug|Any CPU
		{CB0E6D92-A8CD-4268-8E1C-F724AF83AB95}.Debug|Any CPU.Build.0 = Debug|Any CPU
		{CB0E6D92-A8CD-4268-8E1C-F724AF83AB95}.Release|Any CPU.ActiveCfg = Release|Any CPU
		{CB0E6D92-A8CD-4268-8E1C-F724AF83AB95}.Release|Any CPU.Build.0 = Release|Any CPU
		{C43D2C7B-8426-4F26-A04F-C0CC6722950B}.Debug|Any CPU.ActiveCfg = Debug|Any CPU
		{C43D2C7B-8426-4F26-A04F-C0CC6722950B}.Debug|Any CPU.Build.0 = Debug|Any CPU
		{C43D2C7B-8426-4F26-A04F-C0CC6722950B}.Release|Any CPU.ActiveCfg = Release|Any CPU
		{C43D2C7B-8426-4F26-A04F-C0CC6722950B}.Release|Any CPU.Build.0 = Release|Any CPU
		{2982680E-2423-4FFE-B07C-C4F334A5D21B}.Debug|Any CPU.ActiveCfg = Debug|Any CPU
		{2982680E-2423-4FFE-B07C-C4F334A5D21B}.Debug|Any CPU.Build.0 = Debug|Any CPU
		{2982680E-2423-4FFE-B07C-C4F334A5D21B}.Release|Any CPU.ActiveCfg = Release|Any CPU
		{2982680E-2423-4FFE-B07C-C4F334A5D21B}.Release|Any CPU.Build.0 = Release|Any CPU
		{8E383AD9-67E5-44B0-80C0-C5DB9FE0B067}.Debug|Any CPU.ActiveCfg = Debug|Any CPU
		{8E383AD9-67E5-44B0-80C0-C5DB9FE0B067}.Debug|Any CPU.Build.0 = Debug|Any CPU
		{8E383AD9-67E5-44B0-80C0-C5DB9FE0B067}.Release|Any CPU.ActiveCfg = Release|Any CPU
		{8E383AD9-67E5-44B0-80C0-C5DB9FE0B067}.Release|Any CPU.Build.0 = Release|Any CPU
		{678DD684-E805-435D-82F6-D8A53087DD72}.Debug|Any CPU.ActiveCfg = Debug|Any CPU
		{678DD684-E805-435D-82F6-D8A53087DD72}.Debug|Any CPU.Build.0 = Debug|Any CPU
		{678DD684-E805-435D-82F6-D8A53087DD72}.Release|Any CPU.ActiveCfg = Release|Any CPU
		{678DD684-E805-435D-82F6-D8A53087DD72}.Release|Any CPU.Build.0 = Release|Any CPU
		{321D9DF6-B07F-4A04-B642-F5F7058783B1}.Debug|Any CPU.ActiveCfg = Debug|Any CPU
		{321D9DF6-B07F-4A04-B642-F5F7058783B1}.Debug|Any CPU.Build.0 = Debug|Any CPU
		{321D9DF6-B07F-4A04-B642-F5F7058783B1}.Release|Any CPU.ActiveCfg = Release|Any CPU
		{321D9DF6-B07F-4A04-B642-F5F7058783B1}.Release|Any CPU.Build.0 = Release|Any CPU
		{4D6F8761-A190-4700-A8CC-2B2D82989F65}.Debug|Any CPU.ActiveCfg = Debug|Any CPU
		{4D6F8761-A190-4700-A8CC-2B2D82989F65}.Debug|Any CPU.Build.0 = Debug|Any CPU
		{4D6F8761-A190-4700-A8CC-2B2D82989F65}.Release|Any CPU.ActiveCfg = Release|Any CPU
		{4D6F8761-A190-4700-A8CC-2B2D82989F65}.Release|Any CPU.Build.0 = Release|Any CPU
		{6209F449-7E1A-48A2-9E45-793A2F7812E7}.Debug|Any CPU.ActiveCfg = Debug|Any CPU
		{6209F449-7E1A-48A2-9E45-793A2F7812E7}.Debug|Any CPU.Build.0 = Debug|Any CPU
		{6209F449-7E1A-48A2-9E45-793A2F7812E7}.Release|Any CPU.ActiveCfg = Release|Any CPU
		{6209F449-7E1A-48A2-9E45-793A2F7812E7}.Release|Any CPU.Build.0 = Release|Any CPU
		{BBCB263C-C85D-4C75-825F-5615873BF0C8}.Debug|Any CPU.ActiveCfg = Debug|Any CPU
		{BBCB263C-C85D-4C75-825F-5615873BF0C8}.Debug|Any CPU.Build.0 = Debug|Any CPU
		{BBCB263C-C85D-4C75-825F-5615873BF0C8}.Release|Any CPU.ActiveCfg = Release|Any CPU
		{BBCB263C-C85D-4C75-825F-5615873BF0C8}.Release|Any CPU.Build.0 = Release|Any CPU
		{44A3F431-DBB5-475D-BFCF-B7EA2A848780}.Debug|Any CPU.ActiveCfg = Debug|Any CPU
		{44A3F431-DBB5-475D-BFCF-B7EA2A848780}.Debug|Any CPU.Build.0 = Debug|Any CPU
		{44A3F431-DBB5-475D-BFCF-B7EA2A848780}.Release|Any CPU.ActiveCfg = Release|Any CPU
		{44A3F431-DBB5-475D-BFCF-B7EA2A848780}.Release|Any CPU.Build.0 = Release|Any CPU
		{0EC5A5BA-BE4D-443E-9846-196CEE6130F2}.Debug|Any CPU.ActiveCfg = Debug|Any CPU
		{0EC5A5BA-BE4D-443E-9846-196CEE6130F2}.Debug|Any CPU.Build.0 = Debug|Any CPU
		{0EC5A5BA-BE4D-443E-9846-196CEE6130F2}.Release|Any CPU.ActiveCfg = Release|Any CPU
		{0EC5A5BA-BE4D-443E-9846-196CEE6130F2}.Release|Any CPU.Build.0 = Release|Any CPU
		{F25C7DDB-8E80-4353-833E-13BC66102E72}.Debug|Any CPU.ActiveCfg = Debug|Any CPU
		{F25C7DDB-8E80-4353-833E-13BC66102E72}.Debug|Any CPU.Build.0 = Debug|Any CPU
		{F25C7DDB-8E80-4353-833E-13BC66102E72}.Release|Any CPU.ActiveCfg = Release|Any CPU
		{F25C7DDB-8E80-4353-833E-13BC66102E72}.Release|Any CPU.Build.0 = Release|Any CPU
		{64CB74B8-3052-41AE-B875-46AFE5B96E5E}.Debug|Any CPU.ActiveCfg = Debug|Any CPU
		{64CB74B8-3052-41AE-B875-46AFE5B96E5E}.Debug|Any CPU.Build.0 = Debug|Any CPU
		{64CB74B8-3052-41AE-B875-46AFE5B96E5E}.Release|Any CPU.ActiveCfg = Release|Any CPU
		{64CB74B8-3052-41AE-B875-46AFE5B96E5E}.Release|Any CPU.Build.0 = Release|Any CPU
		{6BCC7B79-8A50-4FE3-8354-CA2CAAECD5EB}.Debug|Any CPU.ActiveCfg = Debug|Any CPU
		{6BCC7B79-8A50-4FE3-8354-CA2CAAECD5EB}.Debug|Any CPU.Build.0 = Debug|Any CPU
		{6BCC7B79-8A50-4FE3-8354-CA2CAAECD5EB}.Release|Any CPU.ActiveCfg = Release|Any CPU
		{6BCC7B79-8A50-4FE3-8354-CA2CAAECD5EB}.Release|Any CPU.Build.0 = Release|Any CPU
	EndGlobalSection
	GlobalSection(SolutionProperties) = preSolution
		HideSolutionNode = FALSE
	EndGlobalSection
	GlobalSection(ExtensibilityGlobals) = postSolution
		SolutionGuid = {77DE0383-40C3-47FD-8A8B-33743274BBF8}
	EndGlobalSection
EndGlobal
